// !$*UTF8*$!
{
	archiveVersion = 1;
	classes = {
	};
	objectVersion = 50;
	objects = {

/* Begin PBXBuildFile section */
		18BDECF422C4B4B200B64DC4 /* AppDelegate.m in Sources */ = {isa = PBXBuildFile; fileRef = 18BDECF322C4B4B200B64DC4 /* AppDelegate.m */; };
		18BDECF722C4B4B200B64DC4 /* ViewController.m in Sources */ = {isa = PBXBuildFile; fileRef = 18BDECF622C4B4B200B64DC4 /* ViewController.m */; };
		18BDECFA22C4B4B200B64DC4 /* Main.storyboard in Resources */ = {isa = PBXBuildFile; fileRef = 18BDECF822C4B4B200B64DC4 /* Main.storyboard */; };
		18BDECFC22C4B4B200B64DC4 /* Assets.xcassets in Resources */ = {isa = PBXBuildFile; fileRef = 18BDECFB22C4B4B200B64DC4 /* Assets.xcassets */; };
		18BDECFF22C4B4B200B64DC4 /* LaunchScreen.storyboard in Resources */ = {isa = PBXBuildFile; fileRef = 18BDECFD22C4B4B200B64DC4 /* LaunchScreen.storyboard */; };
		18BDED0222C4B4B200B64DC4 /* main.m in Sources */ = {isa = PBXBuildFile; fileRef = 18BDED0122C4B4B200B64DC4 /* main.m */; };
		18BDED0B22C4B8C300B64DC4 /* RBScrollTextView.m in Sources */ = {isa = PBXBuildFile; fileRef = 18BDED0A22C4B8C300B64DC4 /* RBScrollTextView.m */; };
		18BDED0E22C4BE6400B64DC4 /* RBCodeViewController.m in Sources */ = {isa = PBXBuildFile; fileRef = 18BDED0D22C4BE6400B64DC4 /* RBCodeViewController.m */; };
/* End PBXBuildFile section */

/* Begin PBXFileReference section */
		18BDECEF22C4B4B200B64DC4 /* ScrollTextView.app */ = {isa = PBXFileReference; explicitFileType = wrapper.application; includeInIndex = 0; path = ScrollTextView.app; sourceTree = BUILT_PRODUCTS_DIR; };
		18BDECF222C4B4B200B64DC4 /* AppDelegate.h */ = {isa = PBXFileReference; lastKnownFileType = sourcecode.c.h; path = AppDelegate.h; sourceTree = "<group>"; };
		18BDECF322C4B4B200B64DC4 /* AppDelegate.m */ = {isa = PBXFileReference; lastKnownFileType = sourcecode.c.objc; path = AppDelegate.m; sourceTree = "<group>"; };
		18BDECF522C4B4B200B64DC4 /* ViewController.h */ = {isa = PBXFileReference; lastKnownFileType = sourcecode.c.h; path = ViewController.h; sourceTree = "<group>"; };
		18BDECF622C4B4B200B64DC4 /* ViewController.m */ = {isa = PBXFileReference; lastKnownFileType = sourcecode.c.objc; path = ViewController.m; sourceTree = "<group>"; };
		18BDECF922C4B4B200B64DC4 /* Base */ = {isa = PBXFileReference; lastKnownFileType = file.storyboard; name = Base; path = Base.lproj/Main.storyboard; sourceTree = "<group>"; };
		18BDECFB22C4B4B200B64DC4 /* Assets.xcassets */ = {isa = PBXFileReference; lastKnownFileType = folder.assetcatalog; path = Assets.xcassets; sourceTree = "<group>"; };
		18BDECFE22C4B4B200B64DC4 /* Base */ = {isa = PBXFileReference; lastKnownFileType = file.storyboard; name = Base; path = Base.lproj/LaunchScreen.storyboard; sourceTree = "<group>"; };
		18BDED0022C4B4B200B64DC4 /* Info.plist */ = {isa = PBXFileReference; lastKnownFileType = text.plist.xml; path = Info.plist; sourceTree = "<group>"; };
		18BDED0122C4B4B200B64DC4 /* main.m */ = {isa = PBXFileReference; lastKnownFileType = sourcecode.c.objc; path = main.m; sourceTree = "<group>"; };
		18BDED0922C4B8C300B64DC4 /* RBScrollTextView.h */ = {isa = PBXFileReference; lastKnownFileType = sourcecode.c.h; path = RBScrollTextView.h; sourceTree = "<group>"; };
		18BDED0A22C4B8C300B64DC4 /* RBScrollTextView.m */ = {isa = PBXFileReference; lastKnownFileType = sourcecode.c.objc; path = RBScrollTextView.m; sourceTree = "<group>"; };
		18BDED0C22C4BE6400B64DC4 /* RBCodeViewController.h */ = {isa = PBXFileReference; lastKnownFileType = sourcecode.c.h; path = RBCodeViewController.h; sourceTree = "<group>"; };
		18BDED0D22C4BE6400B64DC4 /* RBCodeViewController.m */ = {isa = PBXFileReference; lastKnownFileType = sourcecode.c.objc; path = RBCodeViewController.m; sourceTree = "<group>"; };
/* End PBXFileReference section */

/* Begin PBXFrameworksBuildPhase section */
		18BDECEC22C4B4B200B64DC4 /* Frameworks */ = {
			isa = PBXFrameworksBuildPhase;
			buildActionMask = 2147483647;
			files = (
			);
			runOnlyForDeploymentPostprocessing = 0;
		};
/* End PBXFrameworksBuildPhase section */

/* Begin PBXGroup section */
		18BDECE622C4B4B200B64DC4 = {
			isa = PBXGroup;
			children = (
				18BDECF122C4B4B200B64DC4 /* ScrollTextView */,
				18BDECF022C4B4B200B64DC4 /* Products */,
			);
			sourceTree = "<group>";
		};
		18BDECF022C4B4B200B64DC4 /* Products */ = {
			isa = PBXGroup;
			children = (
				18BDECEF22C4B4B200B64DC4 /* ScrollTextView.app */,
			);
			name = Products;
			sourceTree = "<group>";
		};
		18BDECF122C4B4B200B64DC4 /* ScrollTextView */ = {
			isa = PBXGroup;
			children = (
				18BDED0822C4B89800B64DC4 /* RBScrollTextView */,
				18BDECF222C4B4B200B64DC4 /* AppDelegate.h */,
				18BDECF322C4B4B200B64DC4 /* AppDelegate.m */,
				18BDECF522C4B4B200B64DC4 /* ViewController.h */,
				18BDECF622C4B4B200B64DC4 /* ViewController.m */,
				18BDED0C22C4BE6400B64DC4 /* RBCodeViewController.h */,
				18BDED0D22C4BE6400B64DC4 /* RBCodeViewController.m */,
				18BDECF822C4B4B200B64DC4 /* Main.storyboard */,
				18BDECFB22C4B4B200B64DC4 /* Assets.xcassets */,
				18BDECFD22C4B4B200B64DC4 /* LaunchScreen.storyboard */,
				18BDED0022C4B4B200B64DC4 /* Info.plist */,
				18BDED0122C4B4B200B64DC4 /* main.m */,
			);
			path = ScrollTextView;
			sourceTree = "<group>";
		};
		18BDED0822C4B89800B64DC4 /* RBScrollTextView */ = {
			isa = PBXGroup;
			children = (
				18BDED0922C4B8C300B64DC4 /* RBScrollTextView.h */,
				18BDED0A22C4B8C300B64DC4 /* RBScrollTextView.m */,
			);
			path = RBScrollTextView;
			sourceTree = "<group>";
		};
/* End PBXGroup section */

/* Begin PBXNativeTarget section */
		18BDECEE22C4B4B200B64DC4 /* ScrollTextView */ = {
			isa = PBXNativeTarget;
			buildConfigurationList = 18BDED0522C4B4B200B64DC4 /* Build configuration list for PBXNativeTarget "ScrollTextView" */;
			buildPhases = (
				18BDECEB22C4B4B200B64DC4 /* Sources */,
				18BDECEC22C4B4B200B64DC4 /* Frameworks */,
				18BDECED22C4B4B200B64DC4 /* Resources */,
			);
			buildRules = (
			);
			dependencies = (
			);
			name = ScrollTextView;
			productName = ScrollTextView;
			productReference = 18BDECEF22C4B4B200B64DC4 /* ScrollTextView.app */;
			productType = "com.apple.product-type.application";
		};
/* End PBXNativeTarget section */

/* Begin PBXProject section */
		18BDECE722C4B4B200B64DC4 /* Project object */ = {
			isa = PBXProject;
			attributes = {
				CLASSPREFIX = RB;
				LastUpgradeCheck = 1020;
				ORGANIZATIONNAME = "MOZZZ Co.,LTD";
				TargetAttributes = {
					18BDECEE22C4B4B200B64DC4 = {
						CreatedOnToolsVersion = 10.2.1;
					};
				};
			};
			buildConfigurationList = 18BDECEA22C4B4B200B64DC4 /* Build configuration list for PBXProject "ScrollTextView" */;
			compatibilityVersion = "Xcode 9.3";
			developmentRegion = en;
			hasScannedForEncodings = 0;
			knownRegions = (
				en,
				Base,
			);
			mainGroup = 18BDECE622C4B4B200B64DC4;
			productRefGroup = 18BDECF022C4B4B200B64DC4 /* Products */;
			projectDirPath = "";
			projectRoot = "";
			targets = (
				18BDECEE22C4B4B200B64DC4 /* ScrollTextView */,
			);
		};
/* End PBXProject section */

/* Begin PBXResourcesBuildPhase section */
		18BDECED22C4B4B200B64DC4 /* Resources */ = {
			isa = PBXResourcesBuildPhase;
			buildActionMask = 2147483647;
			files = (
				18BDECFF22C4B4B200B64DC4 /* LaunchScreen.storyboard in Resources */,
				18BDECFC22C4B4B200B64DC4 /* Assets.xcassets in Resources */,
				18BDECFA22C4B4B200B64DC4 /* Main.storyboard in Resources */,
			);
			runOnlyForDeploymentPostprocessing = 0;
		};
/* End PBXResourcesBuildPhase section */

/* Begin PBXSourcesBuildPhase section */
		18BDECEB22C4B4B200B64DC4 /* Sources */ = {
			isa = PBXSourcesBuildPhase;
			buildActionMask = 2147483647;
			files = (
				18BDED0E22C4BE6400B64DC4 /* RBCodeViewController.m in Sources */,
				18BDED0B22C4B8C300B64DC4 /* RBScrollTextView.m in Sources */,
				18BDECF722C4B4B200B64DC4 /* ViewController.m in Sources */,
				18BDED0222C4B4B200B64DC4 /* main.m in Sources */,
				18BDECF422C4B4B200B64DC4 /* AppDelegate.m in Sources */,
			);
			runOnlyForDeploymentPostprocessing = 0;
		};
/* End PBXSourcesBuildPhase section */

/* Begin PBXVariantGroup section */
		18BDECF822C4B4B200B64DC4 /* Main.storyboard */ = {
			isa = PBXVariantGroup;
			children = (
				18BDECF922C4B4B200B64DC4 /* Base */,
			);
			name = Main.storyboard;
			sourceTree = "<group>";
		};
		18BDECFD22C4B4B200B64DC4 /* LaunchScreen.storyboard */ = {
			isa = PBXVariantGroup;
			children = (
				18BDECFE22C4B4B200B64DC4 /* Base */,
			);
			name = LaunchScreen.storyboard;
			sourceTree = "<group>";
		};
/* End PBXVariantGroup section */

/* Begin XCBuildConfiguration section */
		18BDED0322C4B4B200B64DC4 /* Debug */ = {
			isa = XCBuildConfiguration;
			buildSettings = {
				ALWAYS_SEARCH_USER_PATHS = NO;
				CLANG_ANALYZER_NONNULL = YES;
				CLANG_ANALYZER_NUMBER_OBJECT_CONVERSION = YES_AGGRESSIVE;
				CLANG_CXX_LANGUAGE_STANDARD = "gnu++14";
				CLANG_CXX_LIBRARY = "libc++";
				CLANG_ENABLE_MODULES = YES;
				CLANG_ENABLE_OBJC_ARC = YES;
				CLANG_ENABLE_OBJC_WEAK = YES;
				CLANG_WARN_BLOCK_CAPTURE_AUTORELEASING = YES;
				CLANG_WARN_BOOL_CONVERSION = YES;
				CLANG_WARN_COMMA = YES;
				CLANG_WARN_CONSTANT_CONVERSION = YES;
				CLANG_WARN_DEPRECATED_OBJC_IMPLEMENTATIONS = YES;
				CLANG_WARN_DIRECT_OBJC_ISA_USAGE = YES_ERROR;
				CLANG_WARN_DOCUMENTATION_COMMENTS = YES;
				CLANG_WARN_EMPTY_BODY = YES;
				CLANG_WARN_ENUM_CONVERSION = YES;
				CLANG_WARN_INFINITE_RECURSION = YES;
				CLANG_WARN_INT_CONVERSION = YES;
				CLANG_WARN_NON_LITERAL_NULL_CONVERSION = YES;
				CLANG_WARN_OBJC_IMPLICIT_RETAIN_SELF = YES;
				CLANG_WARN_OBJC_LITERAL_CONVERSION = YES;
				CLANG_WARN_OBJC_ROOT_CLASS = YES_ERROR;
				CLANG_WARN_RANGE_LOOP_ANALYSIS = YES;
				CLANG_WARN_STRICT_PROTOTYPES = YES;
				CLANG_WARN_SUSPICIOUS_MOVE = YES;
				CLANG_WARN_UNGUARDED_AVAILABILITY = YES_AGGRESSIVE;
				CLANG_WARN_UNREACHABLE_CODE = YES;
				CLANG_WARN__DUPLICATE_METHOD_MATCH = YES;
				CODE_SIGN_IDENTITY = "iPhone Developer";
				COPY_PHASE_STRIP = NO;
				DEBUG_INFORMATION_FORMAT = dwarf;
				ENABLE_STRICT_OBJC_MSGSEND = YES;
				ENABLE_TESTABILITY = YES;
				GCC_C_LANGUAGE_STANDARD = gnu11;
				GCC_DYNAMIC_NO_PIC = NO;
				GCC_NO_COMMON_BLOCKS = YES;
				GCC_OPTIMIZATION_LEVEL = 0;
				GCC_PREPROCESSOR_DEFINITIONS = (
					"DEBUG=1",
					"$(inherited)",
				);
				GCC_WARN_64_TO_32_BIT_CONVERSION = YES;
				GCC_WARN_ABOUT_RETURN_TYPE = YES_ERROR;
				GCC_WARN_UNDECLARED_SELECTOR = YES;
				GCC_WARN_UNINITIALIZED_AUTOS = YES_AGGRESSIVE;
				GCC_WARN_UNUSED_FUNCTION = YES;
				GCC_WARN_UNUSED_VARIABLE = YES;
				IPHONEOS_DEPLOYMENT_TARGET = 12.2;
				MTL_ENABLE_DEBUG_INFO = INCLUDE_SOURCE;
				MTL_FAST_MATH = YES;
				ONLY_ACTIVE_ARCH = YES;
				SDKROOT = iphoneos;
			};
			name = Debug;
		};
		18BDED0422C4B4B200B64DC4 /* Release */ = {
			isa = XCBuildConfiguration;
			buildSettings = {
				ALWAYS_SEARCH_USER_PATHS = NO;
				CLANG_ANALYZER_NONNULL = YES;
				CLANG_ANALYZER_NUMBER_OBJECT_CONVERSION = YES_AGGRESSIVE;
				CLANG_CXX_LANGUAGE_STANDARD = "gnu++14";
				CLANG_CXX_LIBRARY = "libc++";
				CLANG_ENABLE_MODULES = YES;
				CLANG_ENABLE_OBJC_ARC = YES;
				CLANG_ENABLE_OBJC_WEAK = YES;
				CLANG_WARN_BLOCK_CAPTURE_AUTORELEASING = YES;
				CLANG_WARN_BOOL_CONVERSION = YES;
				CLANG_WARN_COMMA = YES;
				CLANG_WARN_CONSTANT_CONVERSION = YES;
				CLANG_WARN_DEPRECATED_OBJC_IMPLEMENTATIONS = YES;
				CLANG_WARN_DIRECT_OBJC_ISA_USAGE = YES_ERROR;
				CLANG_WARN_DOCUMENTATION_COMMENTS = YES;
				CLANG_WARN_EMPTY_BODY = YES;
				CLANG_WARN_ENUM_CONVERSION = YES;
				CLANG_WARN_INFINITE_RECURSION = YES;
				CLANG_WARN_INT_CONVERSION = YES;
				CLANG_WARN_NON_LITERAL_NULL_CONVERSION = YES;
				CLANG_WARN_OBJC_IMPLICIT_RETAIN_SELF = YES;
				CLANG_WARN_OBJC_LITERAL_CONVERSION = YES;
				CLANG_WARN_OBJC_ROOT_CLASS = YES_ERROR;
				CLANG_WARN_RANGE_LOOP_ANALYSIS = YES;
				CLANG_WARN_STRICT_PROTOTYPES = YES;
				CLANG_WARN_SUSPICIOUS_MOVE = YES;
				CLANG_WARN_UNGUARDED_AVAILABILITY = YES_AGGRESSIVE;
				CLANG_WARN_UNREACHABLE_CODE = YES;
				CLANG_WARN__DUPLICATE_METHOD_MATCH = YES;
				CODE_SIGN_IDENTITY = "iPhone Developer";
				COPY_PHASE_STRIP = NO;
				DEBUG_INFORMATION_FORMAT = "dwarf-with-dsym";
				ENABLE_NS_ASSERTIONS = NO;
				ENABLE_STRICT_OBJC_MSGSEND = YES;
				GCC_C_LANGUAGE_STANDARD = gnu11;
				GCC_NO_COMMON_BLOCKS = YES;
				GCC_WARN_64_TO_32_BIT_CONVERSION = YES;
				GCC_WARN_ABOUT_RETURN_TYPE = YES_ERROR;
				GCC_WARN_UNDECLARED_SELECTOR = YES;
				GCC_WARN_UNINITIALIZED_AUTOS = YES_AGGRESSIVE;
				GCC_WARN_UNUSED_FUNCTION = YES;
				GCC_WARN_UNUSED_VARIABLE = YES;
				IPHONEOS_DEPLOYMENT_TARGET = 12.2;
				MTL_ENABLE_DEBUG_INFO = NO;
				MTL_FAST_MATH = YES;
				SDKROOT = iphoneos;
				VALIDATE_PRODUCT = YES;
			};
			name = Release;
		};
		18BDED0622C4B4B200B64DC4 /* Debug */ = {
			isa = XCBuildConfiguration;
			buildSettings = {
				ASSETCATALOG_COMPILER_APPICON_NAME = AppIcon;
				CODE_SIGN_STYLE = Automatic;
				DEVELOPMENT_TEAM = 2BCG24U38Q;
				INFOPLIST_FILE = ScrollTextView/Info.plist;
				IPHONEOS_DEPLOYMENT_TARGET = 9.0;
				LD_RUNPATH_SEARCH_PATHS = (
					"$(inherited)",
					"@executable_path/Frameworks",
				);
				PRODUCT_BUNDLE_IDENTIFIER = com.mozzz.ScrollTextView;
				PRODUCT_NAME = "$(TARGET_NAME)";
				TARGETED_DEVICE_FAMILY = "1,2";
			};
			name = Debug;
		};
		18BDED0722C4B4B200B64DC4 /* Release */ = {
			isa = XCBuildConfiguration;
			buildSettings = {
				ASSETCATALOG_COMPILER_APPICON_NAME = AppIcon;
				CODE_SIGN_STYLE = Automatic;
				DEVELOPMENT_TEAM = 2BCG24U38Q;
				INFOPLIST_FILE = ScrollTextView/Info.plist;
				IPHONEOS_DEPLOYMENT_TARGET = 9.0;
				LD_RUNPATH_SEARCH_PATHS = (
					"$(inherited)",
					"@executable_path/Frameworks",
				);
				PRODUCT_BUNDLE_IDENTIFIER = com.mozzz.ScrollTextView;
				PRODUCT_NAME = "$(TARGET_NAME)";
				TARGETED_DEVICE_FAMILY = "1,2";
			};
			name = Release;
		};
/* End XCBuildConfiguration section */

/* Begin XCConfigurationList section */
		18BDECEA22C4B4B200B64DC4 /* Build configuration list for PBXProject "ScrollTextView" */ = {
			isa = XCConfigurationList;
			buildConfigurations = (
				18BDED0322C4B4B200B64DC4 /* Debug */,
				18BDED0422C4B4B200B64DC4 /* Release */,
			);
			defaultConfigurationIsVisible = 0;
			defaultConfigurationName = Release;
		};
		18BDED0522C4B4B200B64DC4 /* Build configuration list for PBXNativeTarget "ScrollTextView" */ = {
			isa = XCConfigurationList;
			buildConfigurations = (
				18BDED0622C4B4B200B64DC4 /* Debug */,
				18BDED0722C4B4B200B64DC4 /* Release */,
			);
			defaultConfigurationIsVisible = 0;
			defaultConfigurationName = Release;
		};
/* End XCConfigurationList section */
	};
	rootObject = 18BDECE722C4B4B200B64DC4 /* Project object */;
}
